
Microsoft Visual Studio Solution File, Format Version 12.00
# Visual Studio Version 17
VisualStudioVersion = 17.0.31903.59
MinimumVisualStudioVersion = 10.0.40219.1
Project("{FAE04EC0-301F-11D3-BF4B-00C04F79EFBC}") = "KuzuDot", "..\..\src\KuzuDot\KuzuDot.csproj", "{0F1B0C94-DCD2-457D-B29D-4DADFB050308}"
EndProject
Project("{FAE04EC0-301F-11D3-BF4B-00C04F79EFBC}") = "example001", "example001.csproj", "{601E7795-E582-492E-AC77-B4C454AA52ED}"
EndProject
Global
	GlobalSection(SolutionConfigurationPlatforms) = preSolution
		Debug|Any CPU = Debug|Any CPU
		Debug|x64 = Debug|x64
		Debug|x86 = Debug|x86
		Release|Any CPU = Release|Any CPU
		Release|x64 = Release|x64
		Release|x86 = Release|x86
	EndGlobalSection
	GlobalSection(ProjectConfigurationPlatforms) = postSolution
		{0F1B0C94-DCD2-457D-B29D-4DADFB050308}.Debug|Any CPU.ActiveCfg = Debug|Any CPU
		{0F1B0C94-DCD2-457D-B29D-4DADFB050308}.Debug|Any CPU.Build.0 = Debug|Any CPU
		{0F1B0C94-DCD2-457D-B29D-4DADFB050308}.Debug|x64.ActiveCfg = Debug|Any CPU
		{0F1B0C94-DCD2-457D-B29D-4DADFB050308}.Debug|x64.Build.0 = Debug|Any CPU
		{0F1B0C94-DCD2-457D-B29D-4DADFB050308}.Debug|x86.ActiveCfg = Debug|Any CPU
		{0F1B0C94-DCD2-457D-B29D-4DADFB050308}.Debug|x86.Build.0 = Debug|Any CPU
		{0F1B0C94-DCD2-457D-B29D-4DADFB050308}.Release|Any CPU.ActiveCfg = Release|Any CPU
		{0F1B0C94-DCD2-457D-B29D-4DADFB050308}.Release|Any CPU.Build.0 = Release|Any CPU
		{0F1B0C94-DCD2-457D-B29D-4DADFB050308}.Release|x64.ActiveCfg = Release|Any CPU
		{0F1B0C94-DCD2-457D-B29D-4DADFB050308}.Release|x64.Build.0 = Release|Any CPU
		{0F1B0C94-DCD2-457D-B29D-4DADFB050308}.Release|x86.ActiveCfg = Release|Any CPU
		{0F1B0C94-DCD2-457D-B29D-4DADFB050308}.Release|x86.Build.0 = Release|Any CPU
		{601E7795-E582-492E-AC77-B4C454AA52ED}.Debug|Any CPU.ActiveCfg = Debug|Any CPU
		{601E7795-E582-492E-AC77-B4C454AA52ED}.Debug|Any CPU.Build.0 = Debug|Any CPU
		{601E7795-E582-492E-AC77-B4C454AA52ED}.Debug|x64.ActiveCfg = Debug|Any CPU
		{601E7795-E582-492E-AC77-B4C454AA52ED}.Debug|x64.Build.0 = Debug|Any CPU
		{601E7795-E582-492E-AC77-B4C454AA52ED}.Debug|x86.ActiveCfg = Debug|Any CPU
		{601E7795-E582-492E-AC77-B4C454AA52ED}.Debug|x86.Build.0 = Debug|Any CPU
		{601E7795-E582-492E-AC77-B4C454AA52ED}.Release|Any CPU.ActiveCfg = Release|Any CPU
		{601E7795-E582-492E-AC77-B4C454AA52ED}.Release|Any CPU.Build.0 = Release|Any CPU
		{601E7795-E582-492E-AC77-B4C454AA52ED}.Release|x64.ActiveCfg = Release|Any CPU
		{601E7795-E582-492E-AC77-B4C454AA52ED}.Release|x64.Build.0 = Release|Any CPU
		{601E7795-E582-492E-AC77-B4C454AA52ED}.Release|x86.ActiveCfg = Release|Any CPU
		{601E7795-E582-492E-AC77-B4C454AA52ED}.Release|x86.Build.0 = Release|Any CPU
	EndGlobalSection
	GlobalSection(SolutionProperties) = preSolution
		HideSolutionNode = FALSE
	EndGlobalSection
EndGlobal
